
Microsoft Visual Studio Solution File, Format Version 12.00
# Visual Studio 2017
Project("{FAE04EC0-301F-11D3-BF4B-00C04F79EFBC}") = "Ballance", "Ballance.csproj", "{E95A9FC1-2C9F-CEFF-2B23-E034962A9A69}"
EndProject
Global
	GlobalSection(SolutionConfigurationPlatforms) = preSolution
		Debug|Any CPU = Debug|Any CPU
		Release|Any CPU = Release|Any CPU
	EndGlobalSection
	GlobalSection(ProjectConfigurationPlatforms) = postSolution
		{E95A9FC1-2C9F-CEFF-2B23-E034962A9A69}.Debug|Any CPU.ActiveCfg = Debug|Any CPU
		{E95A9FC1-2C9F-CEFF-2B23-E034962A9A69}.Debug|Any CPU.Build.0 = Debug|Any CPU
		{E95A9FC1-2C9F-CEFF-2B23-E034962A9A69}.Release|Any CPU.ActiveCfg = Release|Any CPU
		{E95A9FC1-2C9F-CEFF-2B23-E034962A9A69}.Release|Any CPU.Build.0 = Release|Any CPU
	EndGlobalSection
	GlobalSection(SolutionProperties) = preSolution
		HideSolutionNode = FALSE
	EndGlobalSection
EndGlobal
